
Microsoft Visual Studio Solution File, Format Version 12.00
# Visual Studio Version 17
VisualStudioVersion = 17.0.31903.59
MinimumVisualStudioVersion = 10.0.40219.1
Project("{2150E333-8FDC-42A3-9474-1A3956D46DE8}") = "src", "src", "{03946D9D-0F24-412C-8A56-7B0A96E2716D}"
EndProject
Project("{FAE04EC0-301F-11D3-BF4B-00C04F79EFBC}") = "NestExtensions", "src\NestExtensions\NestExtensions.csproj", "{CB97F7F0-34B5-4C91-B604-43EE6D928D77}"
EndProject
Global
	GlobalSection(SolutionConfigurationPlatforms) = preSolution
		Debug|Any CPU = Debug|Any CPU
		Release|Any CPU = Release|Any CPU
	EndGlobalSection
	GlobalSection(SolutionProperties) = preSolution
		HideSolutionNode = FALSE
	EndGlobalSection
	GlobalSection(ProjectConfigurationPlatforms) = postSolution
		{CB97F7F0-34B5-4C91-B604-43EE6D928D77}.Debug|Any CPU.ActiveCfg = Debug|Any CPU
		{CB97F7F0-34B5-4C91-B604-43EE6D928D77}.Debug|Any CPU.Build.0 = Debug|Any CPU
		{CB97F7F0-34B5-4C91-B604-43EE6D928D77}.Release|Any CPU.ActiveCfg = Release|Any CPU
		{CB97F7F0-34B5-4C91-B604-43EE6D928D77}.Release|Any CPU.Build.0 = Release|Any CPU
	EndGlobalSection
	GlobalSection(NestedProjects) = preSolution
		{CB97F7F0-34B5-4C91-B604-43EE6D928D77} = {03946D9D-0F24-412C-8A56-7B0A96E2716D}
	EndGlobalSection
EndGlobal
